
Microsoft Visual Studio Solution File, Format Version 11.00
# Visual Studio 2010
Project("{FAE04EC0-301F-11D3-BF4B-00C04F79EFBC}") = "SpdySharp.Core", "SpdySharp.Core\SpdySharp.Core.csproj", "{107D551F-08FE-45A2-851F-E4F74E951D00}"
EndProject
Global
	GlobalSection(SolutionConfigurationPlatforms) = preSolution
		Debug|Any CPU = Debug|Any CPU
		Release|Any CPU = Release|Any CPU
	EndGlobalSection
	GlobalSection(ProjectConfigurationPlatforms) = postSolution
		{107D551F-08FE-45A2-851F-E4F74E951D00}.Debug|Any CPU.ActiveCfg = Debug|Any CPU
		{107D551F-08FE-45A2-851F-E4F74E951D00}.Debug|Any CPU.Build.0 = Debug|Any CPU
		{107D551F-08FE-45A2-851F-E4F74E951D00}.Release|Any CPU.ActiveCfg = Release|Any CPU
		{107D551F-08FE-45A2-851F-E4F74E951D00}.Release|Any CPU.Build.0 = Release|Any CPU
	EndGlobalSection
	GlobalSection(SolutionProperties) = preSolution
		HideSolutionNode = FALSE
	EndGlobalSection
EndGlobal
